// !$*UTF8*$!
{
	archiveVersion = 1;
	classes = {
	};
	objectVersion = 51;
	objects = {

/* Begin PBXBuildFile section */
		7B1A485224F76588008562FA /* RecipesViewController.swift in Sources */ = {isa = PBXBuildFile; fileRef = 7B1A485124F76588008562FA /* RecipesViewController.swift */; };
		7B43982424FCD3E3003753A6 /* EdanamSession.swift in Sources */ = {isa = PBXBuildFile; fileRef = 7B43982324FCD3E3003753A6 /* EdanamSession.swift */; };
		7B43982724FCE92A003753A6 /* RecipeTableViewCell.swift in Sources */ = {isa = PBXBuildFile; fileRef = 7B43982524FCE92A003753A6 /* RecipeTableViewCell.swift */; };
		7B43982824FCE92A003753A6 /* RecipeTableViewCell.xib in Resources */ = {isa = PBXBuildFile; fileRef = 7B43982624FCE92A003753A6 /* RecipeTableViewCell.xib */; };
		7B464ECB251B5F010066F8D8 /* FavoriteTableViewController.swift in Sources */ = {isa = PBXBuildFile; fileRef = 7B464ECA251B5F010066F8D8 /* FavoriteTableViewController.swift */; };
		7B47601B24F35B7700B51168 /* AppDelegate.swift in Sources */ = {isa = PBXBuildFile; fileRef = 7B47601A24F35B7700B51168 /* AppDelegate.swift */; };
		7B47601D24F35B7700B51168 /* SceneDelegate.swift in Sources */ = {isa = PBXBuildFile; fileRef = 7B47601C24F35B7700B51168 /* SceneDelegate.swift */; };
		7B47601F24F35B7700B51168 /* TabBarController.swift in Sources */ = {isa = PBXBuildFile; fileRef = 7B47601E24F35B7700B51168 /* TabBarController.swift */; };
		7B47602224F35B7700B51168 /* Main.storyboard in Resources */ = {isa = PBXBuildFile; fileRef = 7B47602024F35B7700B51168 /* Main.storyboard */; };
		7B47602524F35B7700B51168 /* Reciplease.xcdatamodeld in Sources */ = {isa = PBXBuildFile; fileRef = 7B47602324F35B7700B51168 /* Reciplease.xcdatamodeld */; };
		7B47602724F35B7800B51168 /* Assets.xcassets in Resources */ = {isa = PBXBuildFile; fileRef = 7B47602624F35B7800B51168 /* Assets.xcassets */; };
		7B47602A24F35B7800B51168 /* LaunchScreen.storyboard in Resources */ = {isa = PBXBuildFile; fileRef = 7B47602824F35B7800B51168 /* LaunchScreen.storyboard */; };
		7B47603524F35B7800B51168 /* RecipleaseTests.swift in Sources */ = {isa = PBXBuildFile; fileRef = 7B47603424F35B7800B51168 /* RecipleaseTests.swift */; };
		7B47604324F3970300B51168 /* AddIngredientsController.swift in Sources */ = {isa = PBXBuildFile; fileRef = 7B47604224F3970300B51168 /* AddIngredientsController.swift */; };
		7B51EC282504C14500D9AED0 /* NetworkError.swift in Sources */ = {isa = PBXBuildFile; fileRef = 7B51EC272504C14500D9AED0 /* NetworkError.swift */; };
		7B59A68E24FBB16C00839A3B /* EdanamJSON.swift in Sources */ = {isa = PBXBuildFile; fileRef = 7B59A68D24FBB16C00839A3B /* EdanamJSON.swift */; };
		7B59A69024FBE68E00839A3B /* IngredientService.swift in Sources */ = {isa = PBXBuildFile; fileRef = 7B59A68F24FBE68E00839A3B /* IngredientService.swift */; };
		7B5A881124F8A9A0003B3892 /* K.swift in Sources */ = {isa = PBXBuildFile; fileRef = 7B5A881024F8A9A0003B3892 /* K.swift */; };
		7B5EC18924F4B0AB0095BAA8 /* CoreDataStack.swift in Sources */ = {isa = PBXBuildFile; fileRef = 7B5EC18824F4B0AB0095BAA8 /* CoreDataStack.swift */; };
		7B5EC18B24F4B1140095BAA8 /* CoreDataManager.swift in Sources */ = {isa = PBXBuildFile; fileRef = 7B5EC18A24F4B1140095BAA8 /* CoreDataManager.swift */; };
		7B71BE2C24FF73F1001EB897 /* RequestService.swift in Sources */ = {isa = PBXBuildFile; fileRef = 7B71BE2B24FF73F1001EB897 /* RequestService.swift */; };
		7B71BE2E24FF8363001EB897 /* Edanam.json in Resources */ = {isa = PBXBuildFile; fileRef = 7B71BE2D24FF8363001EB897 /* Edanam.json */; };
		7B71BE3024FF9B14001EB897 /* FakeResponseData.swift in Sources */ = {isa = PBXBuildFile; fileRef = 7B71BE2F24FF9B14001EB897 /* FakeResponseData.swift */; };
		7B71BE3224FFE6E2001EB897 /* MockEdanamSession.swift in Sources */ = {isa = PBXBuildFile; fileRef = 7B71BE3124FFE6E2001EB897 /* MockEdanamSession.swift */; };
		7B71BE3424FFE9C8001EB897 /* RequestServiceTestCase.swift in Sources */ = {isa = PBXBuildFile; fileRef = 7B71BE3324FFE9C8001EB897 /* RequestServiceTestCase.swift */; };
		7BA18C982500B63300B6F717 /* UIViewController+Alert.swift in Sources */ = {isa = PBXBuildFile; fileRef = 7BA18C972500B63300B6F717 /* UIViewController+Alert.swift */; };
		7BF9E6072500B45D0037B55A /* DescriptionController.swift in Sources */ = {isa = PBXBuildFile; fileRef = 7BF9E6062500B45D0037B55A /* DescriptionController.swift */; };
		A5057F3848C13099F11CBE3F /* Pods_Reciplease.framework in Frameworks */ = {isa = PBXBuildFile; fileRef = 16BE8D08DA33B27C76A653D9 /* Pods_Reciplease.framework */; };
		A9F76F55373BE41625F228B1 /* Pods_RecipleaseTests.framework in Frameworks */ = {isa = PBXBuildFile; fileRef = 8CB2373167201F50F9311092 /* Pods_RecipleaseTests.framework */; };
/* End PBXBuildFile section */

/* Begin PBXContainerItemProxy section */
		7B47603124F35B7800B51168 /* PBXContainerItemProxy */ = {
			isa = PBXContainerItemProxy;
			containerPortal = 7B47600F24F35B7700B51168 /* Project object */;
			proxyType = 1;
			remoteGlobalIDString = 7B47601624F35B7700B51168;
			remoteInfo = Reciplease;
		};
/* End PBXContainerItemProxy section */

/* Begin PBXFileReference section */
		08D0EC2AA01CEF8776F10F83 /* Pods-Reciplease.release.xcconfig */ = {isa = PBXFileReference; includeInIndex = 1; lastKnownFileType = text.xcconfig; name = "Pods-Reciplease.release.xcconfig"; path = "Target Support Files/Pods-Reciplease/Pods-Reciplease.release.xcconfig"; sourceTree = "<group>"; };
		16BE8D08DA33B27C76A653D9 /* Pods_Reciplease.framework */ = {isa = PBXFileReference; explicitFileType = wrapper.framework; includeInIndex = 0; path = Pods_Reciplease.framework; sourceTree = BUILT_PRODUCTS_DIR; };
		4B5899A2F1EE2FB3AC4B5BBD /* Pods-Reciplease.debug.xcconfig */ = {isa = PBXFileReference; includeInIndex = 1; lastKnownFileType = text.xcconfig; name = "Pods-Reciplease.debug.xcconfig"; path = "Target Support Files/Pods-Reciplease/Pods-Reciplease.debug.xcconfig"; sourceTree = "<group>"; };
		7B1A485124F76588008562FA /* RecipesViewController.swift */ = {isa = PBXFileReference; lastKnownFileType = sourcecode.swift; path = RecipesViewController.swift; sourceTree = "<group>"; };
		7B43982324FCD3E3003753A6 /* EdanamSession.swift */ = {isa = PBXFileReference; lastKnownFileType = sourcecode.swift; path = EdanamSession.swift; sourceTree = "<group>"; };
		7B43982524FCE92A003753A6 /* RecipeTableViewCell.swift */ = {isa = PBXFileReference; lastKnownFileType = sourcecode.swift; path = RecipeTableViewCell.swift; sourceTree = "<group>"; };
		7B43982624FCE92A003753A6 /* RecipeTableViewCell.xib */ = {isa = PBXFileReference; lastKnownFileType = file.xib; path = RecipeTableViewCell.xib; sourceTree = "<group>"; };
		7B464ECA251B5F010066F8D8 /* FavoriteTableViewController.swift */ = {isa = PBXFileReference; lastKnownFileType = sourcecode.swift; name = FavoriteTableViewController.swift; path = Reciplease/View/FavoriteTableViewController.swift; sourceTree = SOURCE_ROOT; };
		7B47601724F35B7700B51168 /* Reciplease.app */ = {isa = PBXFileReference; explicitFileType = wrapper.application; includeInIndex = 0; path = Reciplease.app; sourceTree = BUILT_PRODUCTS_DIR; };
		7B47601A24F35B7700B51168 /* AppDelegate.swift */ = {isa = PBXFileReference; lastKnownFileType = sourcecode.swift; path = AppDelegate.swift; sourceTree = "<group>"; };
		7B47601C24F35B7700B51168 /* SceneDelegate.swift */ = {isa = PBXFileReference; lastKnownFileType = sourcecode.swift; path = SceneDelegate.swift; sourceTree = "<group>"; };
		7B47601E24F35B7700B51168 /* TabBarController.swift */ = {isa = PBXFileReference; lastKnownFileType = sourcecode.swift; path = TabBarController.swift; sourceTree = "<group>"; };
		7B47602124F35B7700B51168 /* Base */ = {isa = PBXFileReference; lastKnownFileType = file.storyboard; name = Base; path = Base.lproj/Main.storyboard; sourceTree = "<group>"; };
		7B47602424F35B7700B51168 /* Reciplease.xcdatamodel */ = {isa = PBXFileReference; lastKnownFileType = wrapper.xcdatamodel; path = Reciplease.xcdatamodel; sourceTree = "<group>"; };
		7B47602624F35B7800B51168 /* Assets.xcassets */ = {isa = PBXFileReference; lastKnownFileType = folder.assetcatalog; path = Assets.xcassets; sourceTree = "<group>"; };
		7B47602924F35B7800B51168 /* Base */ = {isa = PBXFileReference; lastKnownFileType = file.storyboard; name = Base; path = Base.lproj/LaunchScreen.storyboard; sourceTree = "<group>"; };
		7B47602B24F35B7800B51168 /* Info.plist */ = {isa = PBXFileReference; lastKnownFileType = text.plist.xml; path = Info.plist; sourceTree = "<group>"; };
		7B47603024F35B7800B51168 /* RecipleaseTests.xctest */ = {isa = PBXFileReference; explicitFileType = wrapper.cfbundle; includeInIndex = 0; path = RecipleaseTests.xctest; sourceTree = BUILT_PRODUCTS_DIR; };
		7B47603424F35B7800B51168 /* RecipleaseTests.swift */ = {isa = PBXFileReference; lastKnownFileType = sourcecode.swift; path = RecipleaseTests.swift; sourceTree = "<group>"; };
		7B47603624F35B7800B51168 /* Info.plist */ = {isa = PBXFileReference; lastKnownFileType = text.plist.xml; path = Info.plist; sourceTree = "<group>"; };
		7B47604224F3970300B51168 /* AddIngredientsController.swift */ = {isa = PBXFileReference; lastKnownFileType = sourcecode.swift; path = AddIngredientsController.swift; sourceTree = "<group>"; };
		7B51EC272504C14500D9AED0 /* NetworkError.swift */ = {isa = PBXFileReference; lastKnownFileType = sourcecode.swift; path = NetworkError.swift; sourceTree = "<group>"; };
		7B59A68D24FBB16C00839A3B /* EdanamJSON.swift */ = {isa = PBXFileReference; lastKnownFileType = sourcecode.swift; path = EdanamJSON.swift; sourceTree = "<group>"; };
		7B59A68F24FBE68E00839A3B /* IngredientService.swift */ = {isa = PBXFileReference; lastKnownFileType = sourcecode.swift; path = IngredientService.swift; sourceTree = "<group>"; };
		7B5A881024F8A9A0003B3892 /* K.swift */ = {isa = PBXFileReference; lastKnownFileType = sourcecode.swift; path = K.swift; sourceTree = "<group>"; };
		7B5EC18824F4B0AB0095BAA8 /* CoreDataStack.swift */ = {isa = PBXFileReference; lastKnownFileType = sourcecode.swift; path = CoreDataStack.swift; sourceTree = "<group>"; };
		7B5EC18A24F4B1140095BAA8 /* CoreDataManager.swift */ = {isa = PBXFileReference; lastKnownFileType = sourcecode.swift; path = CoreDataManager.swift; sourceTree = "<group>"; };
		7B71BE2B24FF73F1001EB897 /* RequestService.swift */ = {isa = PBXFileReference; lastKnownFileType = sourcecode.swift; path = RequestService.swift; sourceTree = "<group>"; };
		7B71BE2D24FF8363001EB897 /* Edanam.json */ = {isa = PBXFileReference; lastKnownFileType = text.json; path = Edanam.json; sourceTree = "<group>"; };
		7B71BE2F24FF9B14001EB897 /* FakeResponseData.swift */ = {isa = PBXFileReference; lastKnownFileType = sourcecode.swift; path = FakeResponseData.swift; sourceTree = "<group>"; };
		7B71BE3124FFE6E2001EB897 /* MockEdanamSession.swift */ = {isa = PBXFileReference; lastKnownFileType = sourcecode.swift; path = MockEdanamSession.swift; sourceTree = "<group>"; };
		7B71BE3324FFE9C8001EB897 /* RequestServiceTestCase.swift */ = {isa = PBXFileReference; lastKnownFileType = sourcecode.swift; path = RequestServiceTestCase.swift; sourceTree = "<group>"; };
		7BA18C972500B63300B6F717 /* UIViewController+Alert.swift */ = {isa = PBXFileReference; lastKnownFileType = sourcecode.swift; path = "UIViewController+Alert.swift"; sourceTree = "<group>"; };
		7BF9E6062500B45D0037B55A /* DescriptionController.swift */ = {isa = PBXFileReference; lastKnownFileType = sourcecode.swift; path = DescriptionController.swift; sourceTree = "<group>"; };
		8BE0AC394AE7E3ADF58228CA /* Pods-RecipleaseTests.release.xcconfig */ = {isa = PBXFileReference; includeInIndex = 1; lastKnownFileType = text.xcconfig; name = "Pods-RecipleaseTests.release.xcconfig"; path = "Target Support Files/Pods-RecipleaseTests/Pods-RecipleaseTests.release.xcconfig"; sourceTree = "<group>"; };
		8CB2373167201F50F9311092 /* Pods_RecipleaseTests.framework */ = {isa = PBXFileReference; explicitFileType = wrapper.framework; includeInIndex = 0; path = Pods_RecipleaseTests.framework; sourceTree = BUILT_PRODUCTS_DIR; };
		FB423D5861F061D8B5779C9D /* Pods-RecipleaseTests.debug.xcconfig */ = {isa = PBXFileReference; includeInIndex = 1; lastKnownFileType = text.xcconfig; name = "Pods-RecipleaseTests.debug.xcconfig"; path = "Target Support Files/Pods-RecipleaseTests/Pods-RecipleaseTests.debug.xcconfig"; sourceTree = "<group>"; };
/* End PBXFileReference section */

/* Begin PBXFrameworksBuildPhase section */
		7B47601424F35B7700B51168 /* Frameworks */ = {
			isa = PBXFrameworksBuildPhase;
			buildActionMask = 2147483647;
			files = (
				A5057F3848C13099F11CBE3F /* Pods_Reciplease.framework in Frameworks */,
			);
			runOnlyForDeploymentPostprocessing = 0;
		};
		7B47602D24F35B7800B51168 /* Frameworks */ = {
			isa = PBXFrameworksBuildPhase;
			buildActionMask = 2147483647;
			files = (
				A9F76F55373BE41625F228B1 /* Pods_RecipleaseTests.framework in Frameworks */,
			);
			runOnlyForDeploymentPostprocessing = 0;
		};
/* End PBXFrameworksBuildPhase section */

/* Begin PBXGroup section */
		19B9BC8CC8CF1EA4DF00A6F8 /* Frameworks */ = {
			isa = PBXGroup;
			children = (
				16BE8D08DA33B27C76A653D9 /* Pods_Reciplease.framework */,
				8CB2373167201F50F9311092 /* Pods_RecipleaseTests.framework */,
			);
			name = Frameworks;
			sourceTree = "<group>";
		};
		7B43982224FC909F003753A6 /* Core Data */ = {
			isa = PBXGroup;
			children = (
				7B47602324F35B7700B51168 /* Reciplease.xcdatamodeld */,
				7B5EC18824F4B0AB0095BAA8 /* CoreDataStack.swift */,
				7B5EC18A24F4B1140095BAA8 /* CoreDataManager.swift */,
			);
			path = "Core Data";
			sourceTree = "<group>";
		};
		7B47600E24F35B7700B51168 = {
			isa = PBXGroup;
			children = (
				7B47601924F35B7700B51168 /* Reciplease */,
				7B47603324F35B7800B51168 /* RecipleaseTests */,
				7B47601824F35B7700B51168 /* Products */,
				D138380220D28C7D80A8DE83 /* Pods */,
				19B9BC8CC8CF1EA4DF00A6F8 /* Frameworks */,
			);
			sourceTree = "<group>";
		};
		7B47601824F35B7700B51168 /* Products */ = {
			isa = PBXGroup;
			children = (
				7B47601724F35B7700B51168 /* Reciplease.app */,
				7B47603024F35B7800B51168 /* RecipleaseTests.xctest */,
			);
			name = Products;
			sourceTree = "<group>";
		};
		7B47601924F35B7700B51168 /* Reciplease */ = {
			isa = PBXGroup;
			children = (
				7B7E6CED25496CB000F3432F /* View Model */,
				7BA18C962500B62300B6F717 /* Extension */,
				7B47603F24F35D8E00B51168 /* Supported Files */,
				7B5EC18724F4B0730095BAA8 /* Model */,
				7B47604124F35DBD00B51168 /* View */,
				7B47604024F35DB000B51168 /* Controller */,
				7B5A881024F8A9A0003B3892 /* K.swift */,
			);
			path = Reciplease;
			sourceTree = "<group>";
		};
		7B47603324F35B7800B51168 /* RecipleaseTests */ = {
			isa = PBXGroup;
			children = (
				7B71BE2F24FF9B14001EB897 /* FakeResponseData.swift */,
				7B71BE3124FFE6E2001EB897 /* MockEdanamSession.swift */,
				7B71BE3324FFE9C8001EB897 /* RequestServiceTestCase.swift */,
				7B47603424F35B7800B51168 /* RecipleaseTests.swift */,
				7B71BE2D24FF8363001EB897 /* Edanam.json */,
				7B47603624F35B7800B51168 /* Info.plist */,
			);
			path = RecipleaseTests;
			sourceTree = "<group>";
		};
		7B47603F24F35D8E00B51168 /* Supported Files */ = {
			isa = PBXGroup;
			children = (
				7B47602B24F35B7800B51168 /* Info.plist */,
				7B47601A24F35B7700B51168 /* AppDelegate.swift */,
				7B47601C24F35B7700B51168 /* SceneDelegate.swift */,
				7B47602624F35B7800B51168 /* Assets.xcassets */,
			);
			path = "Supported Files";
			sourceTree = "<group>";
		};
		7B47604024F35DB000B51168 /* Controller */ = {
			isa = PBXGroup;
			children = (
				7B47601E24F35B7700B51168 /* TabBarController.swift */,
				7B47604224F3970300B51168 /* AddIngredientsController.swift */,
				7B1A485124F76588008562FA /* RecipesViewController.swift */,
				7B464ECA251B5F010066F8D8 /* FavoriteTableViewController.swift */,
				7BF9E6062500B45D0037B55A /* DescriptionController.swift */,
			);
			path = Controller;
			sourceTree = "<group>";
		};
		7B47604124F35DBD00B51168 /* View */ = {
			isa = PBXGroup;
			children = (
				7B47602824F35B7800B51168 /* LaunchScreen.storyboard */,
				7B47602024F35B7700B51168 /* Main.storyboard */,
				7B43982524FCE92A003753A6 /* RecipeTableViewCell.swift */,
				7B43982624FCE92A003753A6 /* RecipeTableViewCell.xib */,
			);
			path = View;
			sourceTree = "<group>";
		};
		7B5EC18724F4B0730095BAA8 /* Model */ = {
			isa = PBXGroup;
			children = (
				7B59A68D24FBB16C00839A3B /* EdanamJSON.swift */,
				7B59A68F24FBE68E00839A3B /* IngredientService.swift */,
				7B43982224FC909F003753A6 /* Core Data */,
				7B43982324FCD3E3003753A6 /* EdanamSession.swift */,
				7B71BE2B24FF73F1001EB897 /* RequestService.swift */,
				7B51EC272504C14500D9AED0 /* NetworkError.swift */,
			);
			path = Model;
			sourceTree = "<group>";
		};
		7B7E6CED25496CB000F3432F /* View Model */ = {
			isa = PBXGroup;
			children = (
			);
			path = "View Model";
			sourceTree = "<group>";
		};
		7BA18C962500B62300B6F717 /* Extension */ = {
			isa = PBXGroup;
			children = (
				7BA18C972500B63300B6F717 /* UIViewController+Alert.swift */,
			);
			path = Extension;
			sourceTree = "<group>";
		};
		D138380220D28C7D80A8DE83 /* Pods */ = {
			isa = PBXGroup;
			children = (
				4B5899A2F1EE2FB3AC4B5BBD /* Pods-Reciplease.debug.xcconfig */,
				08D0EC2AA01CEF8776F10F83 /* Pods-Reciplease.release.xcconfig */,
				FB423D5861F061D8B5779C9D /* Pods-RecipleaseTests.debug.xcconfig */,
				8BE0AC394AE7E3ADF58228CA /* Pods-RecipleaseTests.release.xcconfig */,
			);
			path = Pods;
			sourceTree = "<group>";
		};
/* End PBXGroup section */

/* Begin PBXNativeTarget section */
		7B47601624F35B7700B51168 /* Reciplease */ = {
			isa = PBXNativeTarget;
			buildConfigurationList = 7B47603924F35B7800B51168 /* Build configuration list for PBXNativeTarget "Reciplease" */;
			buildPhases = (
				220AA3D7A82F55299F9C35C2 /* [CP] Check Pods Manifest.lock */,
				7B47601324F35B7700B51168 /* Sources */,
				7B47601424F35B7700B51168 /* Frameworks */,
				7B47601524F35B7700B51168 /* Resources */,
				3FC69480BE92DAA5AF6FB650 /* [CP] Embed Pods Frameworks */,
			);
			buildRules = (
			);
			dependencies = (
			);
			name = Reciplease;
			packageProductDependencies = (
			);
			productName = Reciplease;
			productReference = 7B47601724F35B7700B51168 /* Reciplease.app */;
			productType = "com.apple.product-type.application";
		};
		7B47602F24F35B7800B51168 /* RecipleaseTests */ = {
			isa = PBXNativeTarget;
			buildConfigurationList = 7B47603C24F35B7800B51168 /* Build configuration list for PBXNativeTarget "RecipleaseTests" */;
			buildPhases = (
				EE11266404F4B5754C89B74D /* [CP] Check Pods Manifest.lock */,
				7B47602C24F35B7800B51168 /* Sources */,
				7B47602D24F35B7800B51168 /* Frameworks */,
				7B47602E24F35B7800B51168 /* Resources */,
			);
			buildRules = (
			);
			dependencies = (
				7B47603224F35B7800B51168 /* PBXTargetDependency */,
			);
			name = RecipleaseTests;
			productName = RecipleaseTests;
			productReference = 7B47603024F35B7800B51168 /* RecipleaseTests.xctest */;
			productType = "com.apple.product-type.bundle.unit-test";
		};
/* End PBXNativeTarget section */

/* Begin PBXProject section */
		7B47600F24F35B7700B51168 /* Project object */ = {
			isa = PBXProject;
			attributes = {
				LastSwiftUpdateCheck = 1160;
				LastUpgradeCheck = 1200;
				ORGANIZATIONNAME = "Jonathan Gaffé";
				TargetAttributes = {
					7B47601624F35B7700B51168 = {
						CreatedOnToolsVersion = 11.6;
					};
					7B47602F24F35B7800B51168 = {
						CreatedOnToolsVersion = 11.6;
						TestTargetID = 7B47601624F35B7700B51168;
					};
				};
			};
			buildConfigurationList = 7B47601224F35B7700B51168 /* Build configuration list for PBXProject "Reciplease" */;
			compatibilityVersion = "Xcode 9.3";
			developmentRegion = en;
			hasScannedForEncodings = 0;
			knownRegions = (
				en,
				Base,
			);
			mainGroup = 7B47600E24F35B7700B51168;
			packageReferences = (
			);
			productRefGroup = 7B47601824F35B7700B51168 /* Products */;
			projectDirPath = "";
			projectRoot = "";
			targets = (
				7B47601624F35B7700B51168 /* Reciplease */,
				7B47602F24F35B7800B51168 /* RecipleaseTests */,
			);
		};
/* End PBXProject section */

/* Begin PBXResourcesBuildPhase section */
		7B47601524F35B7700B51168 /* Resources */ = {
			isa = PBXResourcesBuildPhase;
			buildActionMask = 2147483647;
			files = (
				7B47602A24F35B7800B51168 /* LaunchScreen.storyboard in Resources */,
				7B47602724F35B7800B51168 /* Assets.xcassets in Resources */,
				7B47602224F35B7700B51168 /* Main.storyboard in Resources */,
				7B43982824FCE92A003753A6 /* RecipeTableViewCell.xib in Resources */,
			);
			runOnlyForDeploymentPostprocessing = 0;
		};
		7B47602E24F35B7800B51168 /* Resources */ = {
			isa = PBXResourcesBuildPhase;
			buildActionMask = 2147483647;
			files = (
				7B71BE2E24FF8363001EB897 /* Edanam.json in Resources */,
			);
			runOnlyForDeploymentPostprocessing = 0;
		};
/* End PBXResourcesBuildPhase section */

/* Begin PBXShellScriptBuildPhase section */
		220AA3D7A82F55299F9C35C2 /* [CP] Check Pods Manifest.lock */ = {
			isa = PBXShellScriptBuildPhase;
			buildActionMask = 2147483647;
			files = (
			);
			inputFileListPaths = (
			);
			inputPaths = (
				"${PODS_PODFILE_DIR_PATH}/Podfile.lock",
				"${PODS_ROOT}/Manifest.lock",
			);
			name = "[CP] Check Pods Manifest.lock";
			outputFileListPaths = (
			);
			outputPaths = (
				"$(DERIVED_FILE_DIR)/Pods-Reciplease-checkManifestLockResult.txt",
			);
			runOnlyForDeploymentPostprocessing = 0;
			shellPath = /bin/sh;
			shellScript = "diff \"${PODS_PODFILE_DIR_PATH}/Podfile.lock\" \"${PODS_ROOT}/Manifest.lock\" > /dev/null\nif [ $? != 0 ] ; then\n    # print error to STDERR\n    echo \"error: The sandbox is not in sync with the Podfile.lock. Run 'pod install' or update your CocoaPods installation.\" >&2\n    exit 1\nfi\n# This output is used by Xcode 'outputs' to avoid re-running this script phase.\necho \"SUCCESS\" > \"${SCRIPT_OUTPUT_FILE_0}\"\n";
			showEnvVarsInLog = 0;
		};
		3FC69480BE92DAA5AF6FB650 /* [CP] Embed Pods Frameworks */ = {
			isa = PBXShellScriptBuildPhase;
			buildActionMask = 2147483647;
			files = (
			);
			inputFileListPaths = (
				"${PODS_ROOT}/Target Support Files/Pods-Reciplease/Pods-Reciplease-frameworks-${CONFIGURATION}-input-files.xcfilelist",
			);
			name = "[CP] Embed Pods Frameworks";
			outputFileListPaths = (
				"${PODS_ROOT}/Target Support Files/Pods-Reciplease/Pods-Reciplease-frameworks-${CONFIGURATION}-output-files.xcfilelist",
			);
			runOnlyForDeploymentPostprocessing = 0;
			shellPath = /bin/sh;
			shellScript = "\"${PODS_ROOT}/Target Support Files/Pods-Reciplease/Pods-Reciplease-frameworks.sh\"\n";
			showEnvVarsInLog = 0;
		};
		EE11266404F4B5754C89B74D /* [CP] Check Pods Manifest.lock */ = {
			isa = PBXShellScriptBuildPhase;
			buildActionMask = 2147483647;
			files = (
			);
			inputFileListPaths = (
			);
			inputPaths = (
				"${PODS_PODFILE_DIR_PATH}/Podfile.lock",
				"${PODS_ROOT}/Manifest.lock",
			);
			name = "[CP] Check Pods Manifest.lock";
			outputFileListPaths = (
			);
			outputPaths = (
				"$(DERIVED_FILE_DIR)/Pods-RecipleaseTests-checkManifestLockResult.txt",
			);
			runOnlyForDeploymentPostprocessing = 0;
			shellPath = /bin/sh;
			shellScript = "diff \"${PODS_PODFILE_DIR_PATH}/Podfile.lock\" \"${PODS_ROOT}/Manifest.lock\" > /dev/null\nif [ $? != 0 ] ; then\n    # print error to STDERR\n    echo \"error: The sandbox is not in sync with the Podfile.lock. Run 'pod install' or update your CocoaPods installation.\" >&2\n    exit 1\nfi\n# This output is used by Xcode 'outputs' to avoid re-running this script phase.\necho \"SUCCESS\" > \"${SCRIPT_OUTPUT_FILE_0}\"\n";
			showEnvVarsInLog = 0;
		};
/* End PBXShellScriptBuildPhase section */

/* Begin PBXSourcesBuildPhase section */
		7B47601324F35B7700B51168 /* Sources */ = {
			isa = PBXSourcesBuildPhase;
			buildActionMask = 2147483647;
			files = (
				7B51EC282504C14500D9AED0 /* NetworkError.swift in Sources */,
				7B464ECB251B5F010066F8D8 /* FavoriteTableViewController.swift in Sources */,
				7B47602524F35B7700B51168 /* Reciplease.xcdatamodeld in Sources */,
				7B5A881124F8A9A0003B3892 /* K.swift in Sources */,
				7B43982424FCD3E3003753A6 /* EdanamSession.swift in Sources */,
				7B43982724FCE92A003753A6 /* RecipeTableViewCell.swift in Sources */,
				7B47601F24F35B7700B51168 /* TabBarController.swift in Sources */,
				7B47601B24F35B7700B51168 /* AppDelegate.swift in Sources */,
				7B59A69024FBE68E00839A3B /* IngredientService.swift in Sources */,
				7B71BE2C24FF73F1001EB897 /* RequestService.swift in Sources */,
				7B5EC18924F4B0AB0095BAA8 /* CoreDataStack.swift in Sources */,
				7B47604324F3970300B51168 /* AddIngredientsController.swift in Sources */,
				7BA18C982500B63300B6F717 /* UIViewController+Alert.swift in Sources */,
				7B1A485224F76588008562FA /* RecipesViewController.swift in Sources */,
				7B5EC18B24F4B1140095BAA8 /* CoreDataManager.swift in Sources */,
				7B47601D24F35B7700B51168 /* SceneDelegate.swift in Sources */,
				7BF9E6072500B45D0037B55A /* DescriptionController.swift in Sources */,
				7B59A68E24FBB16C00839A3B /* EdanamJSON.swift in Sources */,
			);
			runOnlyForDeploymentPostprocessing = 0;
		};
		7B47602C24F35B7800B51168 /* Sources */ = {
			isa = PBXSourcesBuildPhase;
			buildActionMask = 2147483647;
			files = (
				7B47603524F35B7800B51168 /* RecipleaseTests.swift in Sources */,
				7B71BE3424FFE9C8001EB897 /* RequestServiceTestCase.swift in Sources */,
				7B71BE3224FFE6E2001EB897 /* MockEdanamSession.swift in Sources */,
				7B71BE3024FF9B14001EB897 /* FakeResponseData.swift in Sources */,
			);
			runOnlyForDeploymentPostprocessing = 0;
		};
/* End PBXSourcesBuildPhase section */

/* Begin PBXTargetDependency section */
		7B47603224F35B7800B51168 /* PBXTargetDependency */ = {
			isa = PBXTargetDependency;
			target = 7B47601624F35B7700B51168 /* Reciplease */;
			targetProxy = 7B47603124F35B7800B51168 /* PBXContainerItemProxy */;
		};
/* End PBXTargetDependency section */

/* Begin PBXVariantGroup section */
		7B47602024F35B7700B51168 /* Main.storyboard */ = {
			isa = PBXVariantGroup;
			children = (
				7B47602124F35B7700B51168 /* Base */,
			);
			name = Main.storyboard;
			sourceTree = "<group>";
		};
		7B47602824F35B7800B51168 /* LaunchScreen.storyboard */ = {
			isa = PBXVariantGroup;
			children = (
				7B47602924F35B7800B51168 /* Base */,
			);
			name = LaunchScreen.storyboard;
			sourceTree = "<group>";
		};
/* End PBXVariantGroup section */

/* Begin XCBuildConfiguration section */
		7B47603724F35B7800B51168 /* Debug */ = {
			isa = XCBuildConfiguration;
			buildSettings = {
				ALWAYS_SEARCH_USER_PATHS = NO;
				CLANG_ANALYZER_NONNULL = YES;
				CLANG_ANALYZER_NUMBER_OBJECT_CONVERSION = YES_AGGRESSIVE;
				CLANG_CXX_LANGUAGE_STANDARD = "gnu++14";
				CLANG_CXX_LIBRARY = "libc++";
				CLANG_ENABLE_MODULES = YES;
				CLANG_ENABLE_OBJC_ARC = YES;
				CLANG_ENABLE_OBJC_WEAK = YES;
				CLANG_WARN_BLOCK_CAPTURE_AUTORELEASING = YES;
				CLANG_WARN_BOOL_CONVERSION = YES;
				CLANG_WARN_COMMA = YES;
				CLANG_WARN_CONSTANT_CONVERSION = YES;
				CLANG_WARN_DEPRECATED_OBJC_IMPLEMENTATIONS = YES;
				CLANG_WARN_DIRECT_OBJC_ISA_USAGE = YES_ERROR;
				CLANG_WARN_DOCUMENTATION_COMMENTS = YES;
				CLANG_WARN_EMPTY_BODY = YES;
				CLANG_WARN_ENUM_CONVERSION = YES;
				CLANG_WARN_INFINITE_RECURSION = YES;
				CLANG_WARN_INT_CONVERSION = YES;
				CLANG_WARN_NON_LITERAL_NULL_CONVERSION = YES;
				CLANG_WARN_OBJC_IMPLICIT_RETAIN_SELF = YES;
				CLANG_WARN_OBJC_LITERAL_CONVERSION = YES;
				CLANG_WARN_OBJC_ROOT_CLASS = YES_ERROR;
				CLANG_WARN_QUOTED_INCLUDE_IN_FRAMEWORK_HEADER = YES;
				CLANG_WARN_RANGE_LOOP_ANALYSIS = YES;
				CLANG_WARN_STRICT_PROTOTYPES = YES;
				CLANG_WARN_SUSPICIOUS_MOVE = YES;
				CLANG_WARN_UNGUARDED_AVAILABILITY = YES_AGGRESSIVE;
				CLANG_WARN_UNREACHABLE_CODE = YES;
				CLANG_WARN__DUPLICATE_METHOD_MATCH = YES;
				COPY_PHASE_STRIP = NO;
				DEBUG_INFORMATION_FORMAT = dwarf;
				ENABLE_STRICT_OBJC_MSGSEND = YES;
				ENABLE_TESTABILITY = YES;
				GCC_C_LANGUAGE_STANDARD = gnu11;
				GCC_DYNAMIC_NO_PIC = NO;
				GCC_NO_COMMON_BLOCKS = YES;
				GCC_OPTIMIZATION_LEVEL = 0;
				GCC_PREPROCESSOR_DEFINITIONS = (
					"DEBUG=1",
					"$(inherited)",
				);
				GCC_WARN_64_TO_32_BIT_CONVERSION = YES;
				GCC_WARN_ABOUT_RETURN_TYPE = YES_ERROR;
				GCC_WARN_UNDECLARED_SELECTOR = YES;
				GCC_WARN_UNINITIALIZED_AUTOS = YES_AGGRESSIVE;
				GCC_WARN_UNUSED_FUNCTION = YES;
				GCC_WARN_UNUSED_VARIABLE = YES;
				IPHONEOS_DEPLOYMENT_TARGET = 12.0;
				MTL_ENABLE_DEBUG_INFO = INCLUDE_SOURCE;
				MTL_FAST_MATH = YES;
				ONLY_ACTIVE_ARCH = YES;
				SDKROOT = iphoneos;
				SWIFT_ACTIVE_COMPILATION_CONDITIONS = DEBUG;
				SWIFT_OPTIMIZATION_LEVEL = "-Onone";
			};
			name = Debug;
		};
		7B47603824F35B7800B51168 /* Release */ = {
			isa = XCBuildConfiguration;
			buildSettings = {
				ALWAYS_SEARCH_USER_PATHS = NO;
				CLANG_ANALYZER_NONNULL = YES;
				CLANG_ANALYZER_NUMBER_OBJECT_CONVERSION = YES_AGGRESSIVE;
				CLANG_CXX_LANGUAGE_STANDARD = "gnu++14";
				CLANG_CXX_LIBRARY = "libc++";
				CLANG_ENABLE_MODULES = YES;
				CLANG_ENABLE_OBJC_ARC = YES;
				CLANG_ENABLE_OBJC_WEAK = YES;
				CLANG_WARN_BLOCK_CAPTURE_AUTORELEASING = YES;
				CLANG_WARN_BOOL_CONVERSION = YES;
				CLANG_WARN_COMMA = YES;
				CLANG_WARN_CONSTANT_CONVERSION = YES;
				CLANG_WARN_DEPRECATED_OBJC_IMPLEMENTATIONS = YES;
				CLANG_WARN_DIRECT_OBJC_ISA_USAGE = YES_ERROR;
				CLANG_WARN_DOCUMENTATION_COMMENTS = YES;
				CLANG_WARN_EMPTY_BODY = YES;
				CLANG_WARN_ENUM_CONVERSION = YES;
				CLANG_WARN_INFINITE_RECURSION = YES;
				CLANG_WARN_INT_CONVERSION = YES;
				CLANG_WARN_NON_LITERAL_NULL_CONVERSION = YES;
				CLANG_WARN_OBJC_IMPLICIT_RETAIN_SELF = YES;
				CLANG_WARN_OBJC_LITERAL_CONVERSION = YES;
				CLANG_WARN_OBJC_ROOT_CLASS = YES_ERROR;
				CLANG_WARN_QUOTED_INCLUDE_IN_FRAMEWORK_HEADER = YES;
				CLANG_WARN_RANGE_LOOP_ANALYSIS = YES;
				CLANG_WARN_STRICT_PROTOTYPES = YES;
				CLANG_WARN_SUSPICIOUS_MOVE = YES;
				CLANG_WARN_UNGUARDED_AVAILABILITY = YES_AGGRESSIVE;
				CLANG_WARN_UNREACHABLE_CODE = YES;
				CLANG_WARN__DUPLICATE_METHOD_MATCH = YES;
				COPY_PHASE_STRIP = NO;
				DEBUG_INFORMATION_FORMAT = "dwarf-with-dsym";
				ENABLE_NS_ASSERTIONS = NO;
				ENABLE_STRICT_OBJC_MSGSEND = YES;
				GCC_C_LANGUAGE_STANDARD = gnu11;
				GCC_NO_COMMON_BLOCKS = YES;
				GCC_WARN_64_TO_32_BIT_CONVERSION = YES;
				GCC_WARN_ABOUT_RETURN_TYPE = YES_ERROR;
				GCC_WARN_UNDECLARED_SELECTOR = YES;
				GCC_WARN_UNINITIALIZED_AUTOS = YES_AGGRESSIVE;
				GCC_WARN_UNUSED_FUNCTION = YES;
				GCC_WARN_UNUSED_VARIABLE = YES;
				IPHONEOS_DEPLOYMENT_TARGET = 12.0;
				MTL_ENABLE_DEBUG_INFO = NO;
				MTL_FAST_MATH = YES;
				SDKROOT = iphoneos;
				SWIFT_COMPILATION_MODE = wholemodule;
				SWIFT_OPTIMIZATION_LEVEL = "-O";
				VALIDATE_PRODUCT = YES;
			};
			name = Release;
		};
		7B47603A24F35B7800B51168 /* Debug */ = {
			isa = XCBuildConfiguration;
			baseConfigurationReference = 4B5899A2F1EE2FB3AC4B5BBD /* Pods-Reciplease.debug.xcconfig */;
			buildSettings = {
				ASSETCATALOG_COMPILER_APPICON_NAME = AppIcon;
				CODE_SIGN_STYLE = Automatic;
				DEVELOPMENT_TEAM = 56PJN96NRT;
				INFOPLIST_FILE = "Reciplease/Supported Files/Info.plist";
				IPHONEOS_DEPLOYMENT_TARGET = 12.0;
				LD_RUNPATH_SEARCH_PATHS = (
					"$(inherited)",
					"@executable_path/Frameworks",
				);
				PRODUCT_BUNDLE_IDENTIFIER = com.JonathanGaffe.Reciplease;
				PRODUCT_NAME = "$(TARGET_NAME)";
				SWIFT_VERSION = 5.0;
				TARGETED_DEVICE_FAMILY = 1;
			};
			name = Debug;
		};
		7B47603B24F35B7800B51168 /* Release */ = {
			isa = XCBuildConfiguration;
			baseConfigurationReference = 08D0EC2AA01CEF8776F10F83 /* Pods-Reciplease.release.xcconfig */;
			buildSettings = {
				ASSETCATALOG_COMPILER_APPICON_NAME = AppIcon;
				CODE_SIGN_STYLE = Automatic;
				DEVELOPMENT_TEAM = 56PJN96NRT;
				INFOPLIST_FILE = "Reciplease/Supported Files/Info.plist";
				IPHONEOS_DEPLOYMENT_TARGET = 12.0;
				LD_RUNPATH_SEARCH_PATHS = (
					"$(inherited)",
					"@executable_path/Frameworks",
				);
				PRODUCT_BUNDLE_IDENTIFIER = com.JonathanGaffe.Reciplease;
				PRODUCT_NAME = "$(TARGET_NAME)";
				SWIFT_VERSION = 5.0;
				TARGETED_DEVICE_FAMILY = 1;
			};
			name = Release;
		};
		7B47603D24F35B7800B51168 /* Debug */ = {
			isa = XCBuildConfiguration;
			baseConfigurationReference = FB423D5861F061D8B5779C9D /* Pods-RecipleaseTests.debug.xcconfig */;
			buildSettings = {
				ALWAYS_EMBED_SWIFT_STANDARD_LIBRARIES = YES;
				BUNDLE_LOADER = "$(TEST_HOST)";
				CODE_SIGN_STYLE = Automatic;
				DEVELOPMENT_TEAM = 56PJN96NRT;
				INFOPLIST_FILE = RecipleaseTests/Info.plist;
				IPHONEOS_DEPLOYMENT_TARGET = 12.0;
				LD_RUNPATH_SEARCH_PATHS = (
					"$(inherited)",
					"@executable_path/Frameworks",
					"@loader_path/Frameworks",
				);
				PRODUCT_BUNDLE_IDENTIFIER = com.JonathanGaffe.RecipleaseTests;
				PRODUCT_NAME = "$(TARGET_NAME)";
				SWIFT_VERSION = 5.0;
				TARGETED_DEVICE_FAMILY = "1,2";
				TEST_HOST = "$(BUILT_PRODUCTS_DIR)/Reciplease.app/Reciplease";
			};
			name = Debug;
		};
		7B47603E24F35B7800B51168 /* Release */ = {
			isa = XCBuildConfiguration;
			baseConfigurationReference = 8BE0AC394AE7E3ADF58228CA /* Pods-RecipleaseTests.release.xcconfig */;
			buildSettings = {
				ALWAYS_EMBED_SWIFT_STANDARD_LIBRARIES = YES;
				BUNDLE_LOADER = "$(TEST_HOST)";
				CODE_SIGN_STYLE = Automatic;
				DEVELOPMENT_TEAM = 56PJN96NRT;
				INFOPLIST_FILE = RecipleaseTests/Info.plist;
				IPHONEOS_DEPLOYMENT_TARGET = 12.0;
				LD_RUNPATH_SEARCH_PATHS = (
					"$(inherited)",
					"@executable_path/Frameworks",
					"@loader_path/Frameworks",
				);
				PRODUCT_BUNDLE_IDENTIFIER = com.JonathanGaffe.RecipleaseTests;
				PRODUCT_NAME = "$(TARGET_NAME)";
				SWIFT_VERSION = 5.0;
				TARGETED_DEVICE_FAMILY = "1,2";
				TEST_HOST = "$(BUILT_PRODUCTS_DIR)/Reciplease.app/Reciplease";
			};
			name = Release;
		};
/* End XCBuildConfiguration section */

/* Begin XCConfigurationList section */
		7B47601224F35B7700B51168 /* Build configuration list for PBXProject "Reciplease" */ = {
			isa = XCConfigurationList;
			buildConfigurations = (
				7B47603724F35B7800B51168 /* Debug */,
				7B47603824F35B7800B51168 /* Release */,
			);
			defaultConfigurationIsVisible = 0;
			defaultConfigurationName = Release;
		};
		7B47603924F35B7800B51168 /* Build configuration list for PBXNativeTarget "Reciplease" */ = {
			isa = XCConfigurationList;
			buildConfigurations = (
				7B47603A24F35B7800B51168 /* Debug */,
				7B47603B24F35B7800B51168 /* Release */,
			);
			defaultConfigurationIsVisible = 0;
			defaultConfigurationName = Release;
		};
		7B47603C24F35B7800B51168 /* Build configuration list for PBXNativeTarget "RecipleaseTests" */ = {
			isa = XCConfigurationList;
			buildConfigurations = (
				7B47603D24F35B7800B51168 /* Debug */,
				7B47603E24F35B7800B51168 /* Release */,
			);
			defaultConfigurationIsVisible = 0;
			defaultConfigurationName = Release;
		};
/* End XCConfigurationList section */

/* Begin XCVersionGroup section */
		7B47602324F35B7700B51168 /* Reciplease.xcdatamodeld */ = {
			isa = XCVersionGroup;
			children = (
				7B47602424F35B7700B51168 /* Reciplease.xcdatamodel */,
			);
			currentVersion = 7B47602424F35B7700B51168 /* Reciplease.xcdatamodel */;
			path = Reciplease.xcdatamodeld;
			sourceTree = "<group>";
			versionGroupType = wrapper.xcdatamodel;
		};
/* End XCVersionGroup section */
	};
	rootObject = 7B47600F24F35B7700B51168 /* Project object */;
}
